# THIS IS AN AUTOGENERATED FILE. DO NOT EDIT THIS FILE DIRECTLY.
# yarn lockfile v1


buffer-from@^1.0.0:
  version "1.1.1"
  resolved "https://registry.yarnpkg.com/buffer-from/-/buffer-from-1.1.1.tgz#32713bc028f75c02fdb710d7c7bcec1f2c6070ef"

coffeescript@^2.3.2:
  version "2.3.2"
  resolved "https://registry.yarnpkg.com/coffeescript/-/coffeescript-2.3.2.tgz#e854a7020dfe47b7cf4dd412042e32ef1e269810"

commander@~2.17.1:
  version "2.17.1"
  resolved "https://registry.yarnpkg.com/commander/-/commander-2.17.1.tgz#bd77ab7de6de94205ceacc72f1716d29f20a77bf"

source-map-support@~0.5.6:
  version "0.5.9"
  resolved "https://registry.yarnpkg.com/source-map-support/-/source-map-support-0.5.9.tgz#41bc953b2534267ea2d605bccfa7bfa3111ced5f"
  dependencies:
    buffer-from "^1.0.0"
    source-map "^0.6.0"

source-map@^0.6.0, source-map@~0.6.1:
  version "0.6.1"
  resolved "https://registry.yarnpkg.com/source-map/-/source-map-0.6.1.tgz#74722af32e9614e9c287a8d0bbde48b5e2f1a263"

terser@^3.8.2:
  version "3.8.2"
  resolved "https://registry.yarnpkg.com/terser/-/terser-3.8.2.tgz#48b880f949f8d038aca4dfd00a37c53d96ecf9fb"
  dependencies:
    commander "~2.17.1"
    source-map "~0.6.1"
    source-map-support "~0.5.6"
